// !$*UTF8*$!
{
	archiveVersion = 1;
	classes = {
	};
	objectVersion = 46;
	objects = {

/* Begin PBXBuildFile section */
		EE561CA01B268EAB00B479FC /* main.m in Sources */ = {isa = PBXBuildFile; fileRef = EE561C9F1B268EAB00B479FC /* main.m */; };
		EE561CA31B268EAB00B479FC /* AppDelegate.m in Sources */ = {isa = PBXBuildFile; fileRef = EE561CA21B268EAB00B479FC /* AppDelegate.m */; };
		EE561CA61B268EAB00B479FC /* TipViewController.m in Sources */ = {isa = PBXBuildFile; fileRef = EE561CA51B268EAB00B479FC /* TipViewController.m */; };
		EE561CA91B268EAB00B479FC /* Main.storyboard in Resources */ = {isa = PBXBuildFile; fileRef = EE561CA71B268EAB00B479FC /* Main.storyboard */; };
		EE561CAB1B268EAB00B479FC /* Images.xcassets in Resources */ = {isa = PBXBuildFile; fileRef = EE561CAA1B268EAB00B479FC /* Images.xcassets */; };
		EE561CAE1B268EAB00B479FC /* LaunchScreen.xib in Resources */ = {isa = PBXBuildFile; fileRef = EE561CAC1B268EAB00B479FC /* LaunchScreen.xib */; };
		EE561CBA1B268EAB00B479FC /* tip_calculatorTests.m in Sources */ = {isa = PBXBuildFile; fileRef = EE561CB91B268EAB00B479FC /* tip_calculatorTests.m */; };
		EE561CD81B26B59400B479FC /* TipViewController.xib in Resources */ = {isa = PBXBuildFile; fileRef = EE561CD71B26B59400B479FC /* TipViewController.xib */; };
		EE561CE61B2A7C4000B479FC /* SettingsViewController.m in Sources */ = {isa = PBXBuildFile; fileRef = EE561CE51B2A7C4000B479FC /* SettingsViewController.m */; };
		EE561CE91B2A7D1F00B479FC /* SettingsViewController.xib in Resources */ = {isa = PBXBuildFile; fileRef = EE561CE81B2A7D1F00B479FC /* SettingsViewController.xib */; };
/* End PBXBuildFile section */

/* Begin PBXContainerItemProxy section */
		EE561CB41B268EAB00B479FC /* PBXContainerItemProxy */ = {
			isa = PBXContainerItemProxy;
			containerPortal = EE561C921B268EAB00B479FC /* Project object */;
			proxyType = 1;
			remoteGlobalIDString = EE561C991B268EAB00B479FC;
			remoteInfo = "tip-calculator";
		};
/* End PBXContainerItemProxy section */

/* Begin PBXFileReference section */
		EE561C9A1B268EAB00B479FC /* tip-calculator.app */ = {isa = PBXFileReference; explicitFileType = wrapper.application; includeInIndex = 0; path = "tip-calculator.app"; sourceTree = BUILT_PRODUCTS_DIR; };
		EE561C9E1B268EAB00B479FC /* Info.plist */ = {isa = PBXFileReference; lastKnownFileType = text.plist.xml; path = Info.plist; sourceTree = "<group>"; };
		EE561C9F1B268EAB00B479FC /* main.m */ = {isa = PBXFileReference; lastKnownFileType = sourcecode.c.objc; path = main.m; sourceTree = "<group>"; };
		EE561CA11B268EAB00B479FC /* AppDelegate.h */ = {isa = PBXFileReference; lastKnownFileType = sourcecode.c.h; path = AppDelegate.h; sourceTree = "<group>"; };
		EE561CA21B268EAB00B479FC /* AppDelegate.m */ = {isa = PBXFileReference; lastKnownFileType = sourcecode.c.objc; path = AppDelegate.m; sourceTree = "<group>"; };
		EE561CA41B268EAB00B479FC /* TipViewController.h */ = {isa = PBXFileReference; lastKnownFileType = sourcecode.c.h; path = TipViewController.h; sourceTree = "<group>"; };
		EE561CA51B268EAB00B479FC /* TipViewController.m */ = {isa = PBXFileReference; lastKnownFileType = sourcecode.c.objc; path = TipViewController.m; sourceTree = "<group>"; };
		EE561CA81B268EAB00B479FC /* Base */ = {isa = PBXFileReference; lastKnownFileType = file.storyboard; name = Base; path = Base.lproj/Main.storyboard; sourceTree = "<group>"; };
		EE561CAA1B268EAB00B479FC /* Images.xcassets */ = {isa = PBXFileReference; lastKnownFileType = folder.assetcatalog; path = Images.xcassets; sourceTree = "<group>"; };
		EE561CAD1B268EAB00B479FC /* Base */ = {isa = PBXFileReference; lastKnownFileType = file.xib; name = Base; path = Base.lproj/LaunchScreen.xib; sourceTree = "<group>"; };
		EE561CB31B268EAB00B479FC /* tip-calculatorTests.xctest */ = {isa = PBXFileReference; explicitFileType = wrapper.cfbundle; includeInIndex = 0; path = "tip-calculatorTests.xctest"; sourceTree = BUILT_PRODUCTS_DIR; };
		EE561CB81B268EAB00B479FC /* Info.plist */ = {isa = PBXFileReference; lastKnownFileType = text.plist.xml; path = Info.plist; sourceTree = "<group>"; };
		EE561CB91B268EAB00B479FC /* tip_calculatorTests.m */ = {isa = PBXFileReference; lastKnownFileType = sourcecode.c.objc; path = tip_calculatorTests.m; sourceTree = "<group>"; };
		EE561CD71B26B59400B479FC /* TipViewController.xib */ = {isa = PBXFileReference; fileEncoding = 4; lastKnownFileType = file.xib; path = TipViewController.xib; sourceTree = "<group>"; };
		EE561CE51B2A7C4000B479FC /* SettingsViewController.m */ = {isa = PBXFileReference; fileEncoding = 4; lastKnownFileType = sourcecode.c.objc; path = SettingsViewController.m; sourceTree = "<group>"; };
		EE561CE71B2A7C4F00B479FC /* SettingsViewController.h */ = {isa = PBXFileReference; lastKnownFileType = sourcecode.c.h; path = SettingsViewController.h; sourceTree = "<group>"; };
		EE561CE81B2A7D1F00B479FC /* SettingsViewController.xib */ = {isa = PBXFileReference; fileEncoding = 4; lastKnownFileType = file.xib; path = SettingsViewController.xib; sourceTree = "<group>"; };
/* End PBXFileReference section */

/* Begin PBXFrameworksBuildPhase section */
		EE561C971B268EAB00B479FC /* Frameworks */ = {
			isa = PBXFrameworksBuildPhase;
			buildActionMask = 2147483647;
			files = (
			);
			runOnlyForDeploymentPostprocessing = 0;
		};
		EE561CB01B268EAB00B479FC /* Frameworks */ = {
			isa = PBXFrameworksBuildPhase;
			buildActionMask = 2147483647;
			files = (
			);
			runOnlyForDeploymentPostprocessing = 0;
		};
/* End PBXFrameworksBuildPhase section */

/* Begin PBXGroup section */
		EE561C911B268EAB00B479FC = {
			isa = PBXGroup;
			children = (
				EE561C9C1B268EAB00B479FC /* tip-calculator */,
				EE561CB61B268EAB00B479FC /* tip-calculatorTests */,
				EE561C9B1B268EAB00B479FC /* Products */,
			);
			sourceTree = "<group>";
		};
		EE561C9B1B268EAB00B479FC /* Products */ = {
			isa = PBXGroup;
			children = (
				EE561C9A1B268EAB00B479FC /* tip-calculator.app */,
				EE561CB31B268EAB00B479FC /* tip-calculatorTests.xctest */,
			);
			name = Products;
			sourceTree = "<group>";
		};
		EE561C9C1B268EAB00B479FC /* tip-calculator */ = {
			isa = PBXGroup;
			children = (
				EE561CA11B268EAB00B479FC /* AppDelegate.h */,
				EE561CA21B268EAB00B479FC /* AppDelegate.m */,
				EE561CA41B268EAB00B479FC /* TipViewController.h */,
				EE561CA51B268EAB00B479FC /* TipViewController.m */,
				EE561CD71B26B59400B479FC /* TipViewController.xib */,
				EE561CA71B268EAB00B479FC /* Main.storyboard */,
				EE561CAA1B268EAB00B479FC /* Images.xcassets */,
				EE561CAC1B268EAB00B479FC /* LaunchScreen.xib */,
				EE561C9D1B268EAB00B479FC /* Supporting Files */,
				EE561CE71B2A7C4F00B479FC /* SettingsViewController.h */,
				EE561CE51B2A7C4000B479FC /* SettingsViewController.m */,
				EE561CE81B2A7D1F00B479FC /* SettingsViewController.xib */,
			);
			path = "tip-calculator";
			sourceTree = "<group>";
		};
		EE561C9D1B268EAB00B479FC /* Supporting Files */ = {
			isa = PBXGroup;
			children = (
				EE561C9E1B268EAB00B479FC /* Info.plist */,
				EE561C9F1B268EAB00B479FC /* main.m */,
			);
			name = "Supporting Files";
			sourceTree = "<group>";
		};
		EE561CB61B268EAB00B479FC /* tip-calculatorTests */ = {
			isa = PBXGroup;
			children = (
				EE561CB91B268EAB00B479FC /* tip_calculatorTests.m */,
				EE561CB71B268EAB00B479FC /* Supporting Files */,
			);
			path = "tip-calculatorTests";
			sourceTree = "<group>";
		};
		EE561CB71B268EAB00B479FC /* Supporting Files */ = {
			isa = PBXGroup;
			children = (
				EE561CB81B268EAB00B479FC /* Info.plist */,
			);
			name = "Supporting Files";
			sourceTree = "<group>";
		};
/* End PBXGroup section */

/* Begin PBXNativeTarget section */
		EE561C991B268EAB00B479FC /* tip-calculator */ = {
			isa = PBXNativeTarget;
			buildConfigurationList = EE561CBD1B268EAB00B479FC /* Build configuration list for PBXNativeTarget "tip-calculator" */;
			buildPhases = (
				EE561C961B268EAB00B479FC /* Sources */,
				EE561C971B268EAB00B479FC /* Frameworks */,
				EE561C981B268EAB00B479FC /* Resources */,
			);
			buildRules = (
			);
			dependencies = (
			);
			name = "tip-calculator";
			productName = "tip-calculator";
			productReference = EE561C9A1B268EAB00B479FC /* tip-calculator.app */;
			productType = "com.apple.product-type.application";
		};
		EE561CB21B268EAB00B479FC /* tip-calculatorTests */ = {
			isa = PBXNativeTarget;
			buildConfigurationList = EE561CC01B268EAB00B479FC /* Build configuration list for PBXNativeTarget "tip-calculatorTests" */;
			buildPhases = (
				EE561CAF1B268EAB00B479FC /* Sources */,
				EE561CB01B268EAB00B479FC /* Frameworks */,
				EE561CB11B268EAB00B479FC /* Resources */,
			);
			buildRules = (
			);
			dependencies = (
				EE561CB51B268EAB00B479FC /* PBXTargetDependency */,
			);
			name = "tip-calculatorTests";
			productName = "tip-calculatorTests";
			productReference = EE561CB31B268EAB00B479FC /* tip-calculatorTests.xctest */;
			productType = "com.apple.product-type.bundle.unit-test";
		};
/* End PBXNativeTarget section */

/* Begin PBXProject section */
		EE561C921B268EAB00B479FC /* Project object */ = {
			isa = PBXProject;
			attributes = {
				LastUpgradeCheck = 0620;
				ORGANIZATIONNAME = salagadoola;
				TargetAttributes = {
					EE561C991B268EAB00B479FC = {
						CreatedOnToolsVersion = 6.2;
					};
					EE561CB21B268EAB00B479FC = {
						CreatedOnToolsVersion = 6.2;
						TestTargetID = EE561C991B268EAB00B479FC;
					};
				};
			};
			buildConfigurationList = EE561C951B268EAB00B479FC /* Build configuration list for PBXProject "tip-calculator" */;
			compatibilityVersion = "Xcode 3.2";
			developmentRegion = English;
			hasScannedForEncodings = 0;
			knownRegions = (
				en,
				Base,
			);
			mainGroup = EE561C911B268EAB00B479FC;
			productRefGroup = EE561C9B1B268EAB00B479FC /* Products */;
			projectDirPath = "";
			projectRoot = "";
			targets = (
				EE561C991B268EAB00B479FC /* tip-calculator */,
				EE561CB21B268EAB00B479FC /* tip-calculatorTests */,
			);
		};
/* End PBXProject section */

/* Begin PBXResourcesBuildPhase section */
		EE561C981B268EAB00B479FC /* Resources */ = {
			isa = PBXResourcesBuildPhase;
			buildActionMask = 2147483647;
			files = (
				EE561CA91B268EAB00B479FC /* Main.storyboard in Resources */,
				EE561CAE1B268EAB00B479FC /* LaunchScreen.xib in Resources */,
				EE561CD81B26B59400B479FC /* TipViewController.xib in Resources */,
				EE561CAB1B268EAB00B479FC /* Images.xcassets in Resources */,
				EE561CE91B2A7D1F00B479FC /* SettingsViewController.xib in Resources */,
			);
			runOnlyForDeploymentPostprocessing = 0;
		};
		EE561CB11B268EAB00B479FC /* Resources */ = {
			isa = PBXResourcesBuildPhase;
			buildActionMask = 2147483647;
			files = (
			);
			runOnlyForDeploymentPostprocessing = 0;
		};
/* End PBXResourcesBuildPhase section */

/* Begin PBXSourcesBuildPhase section */
		EE561C961B268EAB00B479FC /* Sources */ = {
			isa = PBXSourcesBuildPhase;
			buildActionMask = 2147483647;
			files = (
				EE561CA61B268EAB00B479FC /* TipViewController.m in Sources */,
				EE561CA31B268EAB00B479FC /* AppDelegate.m in Sources */,
				EE561CA01B268EAB00B479FC /* main.m in Sources */,
				EE561CE61B2A7C4000B479FC /* SettingsViewController.m in Sources */,
			);
			runOnlyForDeploymentPostprocessing = 0;
		};
		EE561CAF1B268EAB00B479FC /* Sources */ = {
			isa = PBXSourcesBuildPhase;
			buildActionMask = 2147483647;
			files = (
				EE561CBA1B268EAB00B479FC /* tip_calculatorTests.m in Sources */,
			);
			runOnlyForDeploymentPostprocessing = 0;
		};
/* End PBXSourcesBuildPhase section */

/* Begin PBXTargetDependency section */
		EE561CB51B268EAB00B479FC /* PBXTargetDependency */ = {
			isa = PBXTargetDependency;
			target = EE561C991B268EAB00B479FC /* tip-calculator */;
			targetProxy = EE561CB41B268EAB00B479FC /* PBXContainerItemProxy */;
		};
/* End PBXTargetDependency section */

/* Begin PBXVariantGroup section */
		EE561CA71B268EAB00B479FC /* Main.storyboard */ = {
			isa = PBXVariantGroup;
			children = (
				EE561CA81B268EAB00B479FC /* Base */,
			);
			name = Main.storyboard;
			sourceTree = "<group>";
		};
		EE561CAC1B268EAB00B479FC /* LaunchScreen.xib */ = {
			isa = PBXVariantGroup;
			children = (
				EE561CAD1B268EAB00B479FC /* Base */,
			);
			name = LaunchScreen.xib;
			sourceTree = "<group>";
		};
/* End PBXVariantGroup section */

/* Begin XCBuildConfiguration section */
		EE561CBB1B268EAB00B479FC /* Debug */ = {
			isa = XCBuildConfiguration;
			buildSettings = {
				ALWAYS_SEARCH_USER_PATHS = NO;
				CLANG_CXX_LANGUAGE_STANDARD = "gnu++0x";
				CLANG_CXX_LIBRARY = "libc++";
				CLANG_ENABLE_MODULES = YES;
				CLANG_ENABLE_OBJC_ARC = YES;
				CLANG_WARN_BOOL_CONVERSION = YES;
				CLANG_WARN_CONSTANT_CONVERSION = YES;
				CLANG_WARN_DIRECT_OBJC_ISA_USAGE = YES_ERROR;
				CLANG_WARN_EMPTY_BODY = YES;
				CLANG_WARN_ENUM_CONVERSION = YES;
				CLANG_WARN_INT_CONVERSION = YES;
				CLANG_WARN_OBJC_ROOT_CLASS = YES_ERROR;
				CLANG_WARN_UNREACHABLE_CODE = YES;
				CLANG_WARN__DUPLICATE_METHOD_MATCH = YES;
				"CODE_SIGN_IDENTITY[sdk=iphoneos*]" = "iPhone Developer";
				COPY_PHASE_STRIP = NO;
				ENABLE_STRICT_OBJC_MSGSEND = YES;
				GCC_C_LANGUAGE_STANDARD = gnu99;
				GCC_DYNAMIC_NO_PIC = NO;
				GCC_OPTIMIZATION_LEVEL = 0;
				GCC_PREPROCESSOR_DEFINITIONS = (
					"DEBUG=1",
					"$(inherited)",
				);
				GCC_SYMBOLS_PRIVATE_EXTERN = NO;
				GCC_WARN_64_TO_32_BIT_CONVERSION = YES;
				GCC_WARN_ABOUT_RETURN_TYPE = YES_ERROR;
				GCC_WARN_UNDECLARED_SELECTOR = YES;
				GCC_WARN_UNINITIALIZED_AUTOS = YES_AGGRESSIVE;
				GCC_WARN_UNUSED_FUNCTION = YES;
				GCC_WARN_UNUSED_VARIABLE = YES;
				IPHONEOS_DEPLOYMENT_TARGET = 8.2;
				MTL_ENABLE_DEBUG_INFO = YES;
				ONLY_ACTIVE_ARCH = YES;
				SDKROOT = iphoneos;
				TARGETED_DEVICE_FAMILY = "1,2";
			};
			name = Debug;
		};
		EE561CBC1B268EAB00B479FC /* Release */ = {
			isa = XCBuildConfiguration;
			buildSettings = {
				ALWAYS_SEARCH_USER_PATHS = NO;
				CLANG_CXX_LANGUAGE_STANDARD = "gnu++0x";
				CLANG_CXX_LIBRARY = "libc++";
				CLANG_ENABLE_MODULES = YES;
				CLANG_ENABLE_OBJC_ARC = YES;
				CLANG_WARN_BOOL_CONVERSION = YES;
				CLANG_WARN_CONSTANT_CONVERSION = YES;
				CLANG_WARN_DIRECT_OBJC_ISA_USAGE = YES_ERROR;
				CLANG_WARN_EMPTY_BODY = YES;
				CLANG_WARN_ENUM_CONVERSION = YES;
				CLANG_WARN_INT_CONVERSION = YES;
				CLANG_WARN_OBJC_ROOT_CLASS = YES_ERROR;
				CLANG_WARN_UNREACHABLE_CODE = YES;
				CLANG_WARN__DUPLICATE_METHOD_MATCH = YES;
				"CODE_SIGN_IDENTITY[sdk=iphoneos*]" = "iPhone Developer";
				COPY_PHASE_STRIP = NO;
				ENABLE_NS_ASSERTIONS = NO;
				ENABLE_STRICT_OBJC_MSGSEND = YES;
				GCC_C_LANGUAGE_STANDARD = gnu99;
				GCC_WARN_64_TO_32_BIT_CONVERSION = YES;
				GCC_WARN_ABOUT_RETURN_TYPE = YES_ERROR;
				GCC_WARN_UNDECLARED_SELECTOR = YES;
				GCC_WARN_UNINITIALIZED_AUTOS = YES_AGGRESSIVE;
				GCC_WARN_UNUSED_FUNCTION = YES;
				GCC_WARN_UNUSED_VARIABLE = YES;
				IPHONEOS_DEPLOYMENT_TARGET = 8.2;
				MTL_ENABLE_DEBUG_INFO = NO;
				SDKROOT = iphoneos;
				TARGETED_DEVICE_FAMILY = "1,2";
				VALIDATE_PRODUCT = YES;
			};
			name = Release;
		};
		EE561CBE1B268EAB00B479FC /* Debug */ = {
			isa = XCBuildConfiguration;
			buildSettings = {
				ASSETCATALOG_COMPILER_APPICON_NAME = AppIcon;
				INFOPLIST_FILE = "tip-calculator/Info.plist";
				LD_RUNPATH_SEARCH_PATHS = "$(inherited) @executable_path/Frameworks";
				PRODUCT_NAME = "$(TARGET_NAME)";
			};
			name = Debug;
		};
		EE561CBF1B268EAB00B479FC /* Release */ = {
			isa = XCBuildConfiguration;
			buildSettings = {
				ASSETCATALOG_COMPILER_APPICON_NAME = AppIcon;
				INFOPLIST_FILE = "tip-calculator/Info.plist";
				LD_RUNPATH_SEARCH_PATHS = "$(inherited) @executable_path/Frameworks";
				PRODUCT_NAME = "$(TARGET_NAME)";
			};
			name = Release;
		};
		EE561CC11B268EAB00B479FC /* Debug */ = {
			isa = XCBuildConfiguration;
			buildSettings = {
				BUNDLE_LOADER = "$(TEST_HOST)";
				FRAMEWORK_SEARCH_PATHS = (
					"$(SDKROOT)/Developer/Library/Frameworks",
					"$(inherited)",
				);
				GCC_PREPROCESSOR_DEFINITIONS = (
					"DEBUG=1",
					"$(inherited)",
				);
				INFOPLIST_FILE = "tip-calculatorTests/Info.plist";
				LD_RUNPATH_SEARCH_PATHS = "$(inherited) @executable_path/Frameworks @loader_path/Frameworks";
				PRODUCT_NAME = "$(TARGET_NAME)";
				TEST_HOST = "$(BUILT_PRODUCTS_DIR)/tip-calculator.app/tip-calculator";
			};
			name = Debug;
		};
		EE561CC21B268EAB00B479FC /* Release */ = {
			isa = XCBuildConfiguration;
			buildSettings = {
				BUNDLE_LOADER = "$(TEST_HOST)";
				FRAMEWORK_SEARCH_PATHS = (
					"$(SDKROOT)/Developer/Library/Frameworks",
					"$(inherited)",
				);
				INFOPLIST_FILE = "tip-calculatorTests/Info.plist";
				LD_RUNPATH_SEARCH_PATHS = "$(inherited) @executable_path/Frameworks @loader_path/Frameworks";
				PRODUCT_NAME = "$(TARGET_NAME)";
				TEST_HOST = "$(BUILT_PRODUCTS_DIR)/tip-calculator.app/tip-calculator";
			};
			name = Release;
		};
/* End XCBuildConfiguration section */

/* Begin XCConfigurationList section */
		EE561C951B268EAB00B479FC /* Build configuration list for PBXProject "tip-calculator" */ = {
			isa = XCConfigurationList;
			buildConfigurations = (
				EE561CBB1B268EAB00B479FC /* Debug */,
				EE561CBC1B268EAB00B479FC /* Release */,
			);
			defaultConfigurationIsVisible = 0;
			defaultConfigurationName = Release;
		};
		EE561CBD1B268EAB00B479FC /* Build configuration list for PBXNativeTarget "tip-calculator" */ = {
			isa = XCConfigurationList;
			buildConfigurations = (
				EE561CBE1B268EAB00B479FC /* Debug */,
				EE561CBF1B268EAB00B479FC /* Release */,
			);
			defaultConfigurationIsVisible = 0;
			defaultConfigurationName = Release;
		};
		EE561CC01B268EAB00B479FC /* Build configuration list for PBXNativeTarget "tip-calculatorTests" */ = {
			isa = XCConfigurationList;
			buildConfigurations = (
				EE561CC11B268EAB00B479FC /* Debug */,
				EE561CC21B268EAB00B479FC /* Release */,
			);
			defaultConfigurationIsVisible = 0;
			defaultConfigurationName = Release;
		};
/* End XCConfigurationList section */
	};
	rootObject = EE561C921B268EAB00B479FC /* Project object */;
}
